// !$*UTF8*$!
{
	archiveVersion = 1;
	classes = {
	};
	objectVersion = 46;
	objects = {

/* Begin PBXBuildFile section */
		480AFCFD2154A66700EE8636 /* cat.jpg in Resources */ = {isa = PBXBuildFile; fileRef = 480AFCFC2154A66700EE8636 /* cat.jpg */; };
		48B3CE232154274000F621D1 /* AppDelegate.swift in Sources */ = {isa = PBXBuildFile; fileRef = 48B3CE222154274000F621D1 /* AppDelegate.swift */; };
		48B3CE252154274000F621D1 /* ViewController.swift in Sources */ = {isa = PBXBuildFile; fileRef = 48B3CE242154274000F621D1 /* ViewController.swift */; };
		48B3CE282154274000F621D1 /* Main.storyboard in Resources */ = {isa = PBXBuildFile; fileRef = 48B3CE262154274000F621D1 /* Main.storyboard */; };
		48B3CE2A2154274000F621D1 /* Assets.xcassets in Resources */ = {isa = PBXBuildFile; fileRef = 48B3CE292154274000F621D1 /* Assets.xcassets */; };
		48B3CE2D2154274000F621D1 /* LaunchScreen.storyboard in Resources */ = {isa = PBXBuildFile; fileRef = 48B3CE2B2154274000F621D1 /* LaunchScreen.storyboard */; };
		48B3CE382154274000F621D1 /* Cat_YearsTests.swift in Sources */ = {isa = PBXBuildFile; fileRef = 48B3CE372154274000F621D1 /* Cat_YearsTests.swift */; };
		48B3CE432154274000F621D1 /* Cat_YearsUITests.swift in Sources */ = {isa = PBXBuildFile; fileRef = 48B3CE422154274000F621D1 /* Cat_YearsUITests.swift */; };
/* End PBXBuildFile section */

/* Begin PBXContainerItemProxy section */
		48B3CE342154274000F621D1 /* PBXContainerItemProxy */ = {
			isa = PBXContainerItemProxy;
			containerPortal = 48B3CE172154273F00F621D1 /* Project object */;
			proxyType = 1;
			remoteGlobalIDString = 48B3CE1E2154273F00F621D1;
			remoteInfo = "Cat Years";
		};
		48B3CE3F2154274000F621D1 /* PBXContainerItemProxy */ = {
			isa = PBXContainerItemProxy;
			containerPortal = 48B3CE172154273F00F621D1 /* Project object */;
			proxyType = 1;
			remoteGlobalIDString = 48B3CE1E2154273F00F621D1;
			remoteInfo = "Cat Years";
		};
/* End PBXContainerItemProxy section */

/* Begin PBXFileReference section */
		480AFCFC2154A66700EE8636 /* cat.jpg */ = {isa = PBXFileReference; lastKnownFileType = image.jpeg; path = cat.jpg; sourceTree = "<group>"; };
		48B3CE1F2154273F00F621D1 /* Cat Years.app */ = {isa = PBXFileReference; explicitFileType = wrapper.application; includeInIndex = 0; path = "Cat Years.app"; sourceTree = BUILT_PRODUCTS_DIR; };
		48B3CE222154274000F621D1 /* AppDelegate.swift */ = {isa = PBXFileReference; lastKnownFileType = sourcecode.swift; path = AppDelegate.swift; sourceTree = "<group>"; };
		48B3CE242154274000F621D1 /* ViewController.swift */ = {isa = PBXFileReference; lastKnownFileType = sourcecode.swift; path = ViewController.swift; sourceTree = "<group>"; };
		48B3CE272154274000F621D1 /* Base */ = {isa = PBXFileReference; lastKnownFileType = file.storyboard; name = Base; path = Base.lproj/Main.storyboard; sourceTree = "<group>"; };
		48B3CE292154274000F621D1 /* Assets.xcassets */ = {isa = PBXFileReference; lastKnownFileType = folder.assetcatalog; path = Assets.xcassets; sourceTree = "<group>"; };
		48B3CE2C2154274000F621D1 /* Base */ = {isa = PBXFileReference; lastKnownFileType = file.storyboard; name = Base; path = Base.lproj/LaunchScreen.storyboard; sourceTree = "<group>"; };
		48B3CE2E2154274000F621D1 /* Info.plist */ = {isa = PBXFileReference; lastKnownFileType = text.plist.xml; path = Info.plist; sourceTree = "<group>"; };
		48B3CE332154274000F621D1 /* Cat YearsTests.xctest */ = {isa = PBXFileReference; explicitFileType = wrapper.cfbundle; includeInIndex = 0; path = "Cat YearsTests.xctest"; sourceTree = BUILT_PRODUCTS_DIR; };
		48B3CE372154274000F621D1 /* Cat_YearsTests.swift */ = {isa = PBXFileReference; lastKnownFileType = sourcecode.swift; path = Cat_YearsTests.swift; sourceTree = "<group>"; };
		48B3CE392154274000F621D1 /* Info.plist */ = {isa = PBXFileReference; lastKnownFileType = text.plist.xml; path = Info.plist; sourceTree = "<group>"; };
		48B3CE3E2154274000F621D1 /* Cat YearsUITests.xctest */ = {isa = PBXFileReference; explicitFileType = wrapper.cfbundle; includeInIndex = 0; path = "Cat YearsUITests.xctest"; sourceTree = BUILT_PRODUCTS_DIR; };
		48B3CE422154274000F621D1 /* Cat_YearsUITests.swift */ = {isa = PBXFileReference; lastKnownFileType = sourcecode.swift; path = Cat_YearsUITests.swift; sourceTree = "<group>"; };
		48B3CE442154274000F621D1 /* Info.plist */ = {isa = PBXFileReference; lastKnownFileType = text.plist.xml; path = Info.plist; sourceTree = "<group>"; };
/* End PBXFileReference section */

/* Begin PBXFrameworksBuildPhase section */
		48B3CE1C2154273F00F621D1 /* Frameworks */ = {
			isa = PBXFrameworksBuildPhase;
			buildActionMask = 2147483647;
			files = (
			);
			runOnlyForDeploymentPostprocessing = 0;
		};
		48B3CE302154274000F621D1 /* Frameworks */ = {
			isa = PBXFrameworksBuildPhase;
			buildActionMask = 2147483647;
			files = (
			);
			runOnlyForDeploymentPostprocessing = 0;
		};
		48B3CE3B2154274000F621D1 /* Frameworks */ = {
			isa = PBXFrameworksBuildPhase;
			buildActionMask = 2147483647;
			files = (
			);
			runOnlyForDeploymentPostprocessing = 0;
		};
/* End PBXFrameworksBuildPhase section */

/* Begin PBXGroup section */
		48B3CE162154273F00F621D1 = {
			isa = PBXGroup;
			children = (
				48B3CE212154273F00F621D1 /* Cat Years */,
				48B3CE362154274000F621D1 /* Cat YearsTests */,
				48B3CE412154274000F621D1 /* Cat YearsUITests */,
				48B3CE202154273F00F621D1 /* Products */,
			);
			sourceTree = "<group>";
		};
		48B3CE202154273F00F621D1 /* Products */ = {
			isa = PBXGroup;
			children = (
				48B3CE1F2154273F00F621D1 /* Cat Years.app */,
				48B3CE332154274000F621D1 /* Cat YearsTests.xctest */,
				48B3CE3E2154274000F621D1 /* Cat YearsUITests.xctest */,
			);
			name = Products;
			sourceTree = "<group>";
		};
		48B3CE212154273F00F621D1 /* Cat Years */ = {
			isa = PBXGroup;
			children = (
				48B3CE222154274000F621D1 /* AppDelegate.swift */,
				48B3CE242154274000F621D1 /* ViewController.swift */,
				48B3CE262154274000F621D1 /* Main.storyboard */,
				48B3CE292154274000F621D1 /* Assets.xcassets */,
				48B3CE2B2154274000F621D1 /* LaunchScreen.storyboard */,
				48B3CE2E2154274000F621D1 /* Info.plist */,
				480AFCFC2154A66700EE8636 /* cat.jpg */,
			);
			path = "Cat Years";
			sourceTree = "<group>";
		};
		48B3CE362154274000F621D1 /* Cat YearsTests */ = {
			isa = PBXGroup;
			children = (
				48B3CE372154274000F621D1 /* Cat_YearsTests.swift */,
				48B3CE392154274000F621D1 /* Info.plist */,
			);
			path = "Cat YearsTests";
			sourceTree = "<group>";
		};
		48B3CE412154274000F621D1 /* Cat YearsUITests */ = {
			isa = PBXGroup;
			children = (
				48B3CE422154274000F621D1 /* Cat_YearsUITests.swift */,
				48B3CE442154274000F621D1 /* Info.plist */,
			);
			path = "Cat YearsUITests";
			sourceTree = "<group>";
		};
/* End PBXGroup section */

/* Begin PBXNativeTarget section */
		48B3CE1E2154273F00F621D1 /* Cat Years */ = {
			isa = PBXNativeTarget;
			buildConfigurationList = 48B3CE472154274000F621D1 /* Build configuration list for PBXNativeTarget "Cat Years" */;
			buildPhases = (
				48B3CE1B2154273F00F621D1 /* Sources */,
				48B3CE1C2154273F00F621D1 /* Frameworks */,
				48B3CE1D2154273F00F621D1 /* Resources */,
			);
			buildRules = (
			);
			dependencies = (
			);
			name = "Cat Years";
			productName = "Cat Years";
			productReference = 48B3CE1F2154273F00F621D1 /* Cat Years.app */;
			productType = "com.apple.product-type.application";
		};
		48B3CE322154274000F621D1 /* Cat YearsTests */ = {
			isa = PBXNativeTarget;
			buildConfigurationList = 48B3CE4A2154274000F621D1 /* Build configuration list for PBXNativeTarget "Cat YearsTests" */;
			buildPhases = (
				48B3CE2F2154274000F621D1 /* Sources */,
				48B3CE302154274000F621D1 /* Frameworks */,
				48B3CE312154274000F621D1 /* Resources */,
			);
			buildRules = (
			);
			dependencies = (
				48B3CE352154274000F621D1 /* PBXTargetDependency */,
			);
			name = "Cat YearsTests";
			productName = "Cat YearsTests";
			productReference = 48B3CE332154274000F621D1 /* Cat YearsTests.xctest */;
			productType = "com.apple.product-type.bundle.unit-test";
		};
		48B3CE3D2154274000F621D1 /* Cat YearsUITests */ = {
			isa = PBXNativeTarget;
			buildConfigurationList = 48B3CE4D2154274000F621D1 /* Build configuration list for PBXNativeTarget "Cat YearsUITests" */;
			buildPhases = (
				48B3CE3A2154274000F621D1 /* Sources */,
				48B3CE3B2154274000F621D1 /* Frameworks */,
				48B3CE3C2154274000F621D1 /* Resources */,
			);
			buildRules = (
			);
			dependencies = (
				48B3CE402154274000F621D1 /* PBXTargetDependency */,
			);
			name = "Cat YearsUITests";
			productName = "Cat YearsUITests";
			productReference = 48B3CE3E2154274000F621D1 /* Cat YearsUITests.xctest */;
			productType = "com.apple.product-type.bundle.ui-testing";
		};
/* End PBXNativeTarget section */

/* Begin PBXProject section */
		48B3CE172154273F00F621D1 /* Project object */ = {
			isa = PBXProject;
			attributes = {
				LastSwiftUpdateCheck = 0830;
				LastUpgradeCheck = 0830;
				ORGANIZATIONNAME = Lobna;
				TargetAttributes = {
					48B3CE1E2154273F00F621D1 = {
						CreatedOnToolsVersion = 8.3.3;
						DevelopmentTeam = P5V9R5BF5L;
						ProvisioningStyle = Automatic;
					};
					48B3CE322154274000F621D1 = {
						CreatedOnToolsVersion = 8.3.3;
						ProvisioningStyle = Automatic;
						TestTargetID = 48B3CE1E2154273F00F621D1;
					};
					48B3CE3D2154274000F621D1 = {
						CreatedOnToolsVersion = 8.3.3;
						ProvisioningStyle = Automatic;
						TestTargetID = 48B3CE1E2154273F00F621D1;
					};
				};
			};
			buildConfigurationList = 48B3CE1A2154273F00F621D1 /* Build configuration list for PBXProject "Cat Years" */;
			compatibilityVersion = "Xcode 3.2";
			developmentRegion = English;
			hasScannedForEncodings = 0;
			knownRegions = (
				en,
				Base,
			);
			mainGroup = 48B3CE162154273F00F621D1;
			productRefGroup = 48B3CE202154273F00F621D1 /* Products */;
			projectDirPath = "";
			projectRoot = "";
			targets = (
				48B3CE1E2154273F00F621D1 /* Cat Years */,
				48B3CE322154274000F621D1 /* Cat YearsTests */,
				48B3CE3D2154274000F621D1 /* Cat YearsUITests */,
			);
		};
/* End PBXProject section */

/* Begin PBXResourcesBuildPhase section */
		48B3CE1D2154273F00F621D1 /* Resources */ = {
			isa = PBXResourcesBuildPhase;
			buildActionMask = 2147483647;
			files = (
				48B3CE2D2154274000F621D1 /* LaunchScreen.storyboard in Resources */,
				48B3CE2A2154274000F621D1 /* Assets.xcassets in Resources */,
				480AFCFD2154A66700EE8636 /* cat.jpg in Resources */,
				48B3CE282154274000F621D1 /* Main.storyboard in Resources */,
			);
			runOnlyForDeploymentPostprocessing = 0;
		};
		48B3CE312154274000F621D1 /* Resources */ = {
			isa = PBXResourcesBuildPhase;
			buildActionMask = 2147483647;
			files = (
			);
			runOnlyForDeploymentPostprocessing = 0;
		};
		48B3CE3C2154274000F621D1 /* Resources */ = {
			isa = PBXResourcesBuildPhase;
			buildActionMask = 2147483647;
			files = (
			);
			runOnlyForDeploymentPostprocessing = 0;
		};
/* End PBXResourcesBuildPhase section */

/* Begin PBXSourcesBuildPhase section */
		48B3CE1B2154273F00F621D1 /* Sources */ = {
			isa = PBXSourcesBuildPhase;
			buildActionMask = 2147483647;
			files = (
				48B3CE252154274000F621D1 /* ViewController.swift in Sources */,
				48B3CE232154274000F621D1 /* AppDelegate.swift in Sources */,
			);
			runOnlyForDeploymentPostprocessing = 0;
		};
		48B3CE2F2154274000F621D1 /* Sources */ = {
			isa = PBXSourcesBuildPhase;
			buildActionMask = 2147483647;
			files = (
				48B3CE382154274000F621D1 /* Cat_YearsTests.swift in Sources */,
			);
			runOnlyForDeploymentPostprocessing = 0;
		};
		48B3CE3A2154274000F621D1 /* Sources */ = {
			isa = PBXSourcesBuildPhase;
			buildActionMask = 2147483647;
			files = (
				48B3CE432154274000F621D1 /* Cat_YearsUITests.swift in Sources */,
			);
			runOnlyForDeploymentPostprocessing = 0;
		};
/* End PBXSourcesBuildPhase section */

/* Begin PBXTargetDependency section */
		48B3CE352154274000F621D1 /* PBXTargetDependency */ = {
			isa = PBXTargetDependency;
			target = 48B3CE1E2154273F00F621D1 /* Cat Years */;
			targetProxy = 48B3CE342154274000F621D1 /* PBXContainerItemProxy */;
		};
		48B3CE402154274000F621D1 /* PBXTargetDependency */ = {
			isa = PBXTargetDependency;
			target = 48B3CE1E2154273F00F621D1 /* Cat Years */;
			targetProxy = 48B3CE3F2154274000F621D1 /* PBXContainerItemProxy */;
		};
/* End PBXTargetDependency section */

/* Begin PBXVariantGroup section */
		48B3CE262154274000F621D1 /* Main.storyboard */ = {
			isa = PBXVariantGroup;
			children = (
				48B3CE272154274000F621D1 /* Base */,
			);
			name = Main.storyboard;
			sourceTree = "<group>";
		};
		48B3CE2B2154274000F621D1 /* LaunchScreen.storyboard */ = {
			isa = PBXVariantGroup;
			children = (
				48B3CE2C2154274000F621D1 /* Base */,
			);
			name = LaunchScreen.storyboard;
			sourceTree = "<group>";
		};
/* End PBXVariantGroup section */

/* Begin XCBuildConfiguration section */
		48B3CE452154274000F621D1 /* Debug */ = {
			isa = XCBuildConfiguration;
			buildSettings = {
				ALWAYS_SEARCH_USER_PATHS = NO;
				CLANG_ANALYZER_NONNULL = YES;
				CLANG_ANALYZER_NUMBER_OBJECT_CONVERSION = YES_AGGRESSIVE;
				CLANG_CXX_LANGUAGE_STANDARD = "gnu++0x";
				CLANG_CXX_LIBRARY = "libc++";
				CLANG_ENABLE_MODULES = YES;
				CLANG_ENABLE_OBJC_ARC = YES;
				CLANG_WARN_BOOL_CONVERSION = YES;
				CLANG_WARN_CONSTANT_CONVERSION = YES;
				CLANG_WARN_DIRECT_OBJC_ISA_USAGE = YES_ERROR;
				CLANG_WARN_DOCUMENTATION_COMMENTS = YES;
				CLANG_WARN_EMPTY_BODY = YES;
				CLANG_WARN_ENUM_CONVERSION = YES;
				CLANG_WARN_INFINITE_RECURSION = YES;
				CLANG_WARN_INT_CONVERSION = YES;
				CLANG_WARN_OBJC_ROOT_CLASS = YES_ERROR;
				CLANG_WARN_SUSPICIOUS_MOVE = YES;
				CLANG_WARN_UNREACHABLE_CODE = YES;
				CLANG_WARN__DUPLICATE_METHOD_MATCH = YES;
				"CODE_SIGN_IDENTITY[sdk=iphoneos*]" = "iPhone Developer";
				COPY_PHASE_STRIP = NO;
				DEBUG_INFORMATION_FORMAT = dwarf;
				ENABLE_STRICT_OBJC_MSGSEND = YES;
				ENABLE_TESTABILITY = YES;
				GCC_C_LANGUAGE_STANDARD = gnu99;
				GCC_DYNAMIC_NO_PIC = NO;
				GCC_NO_COMMON_BLOCKS = YES;
				GCC_OPTIMIZATION_LEVEL = 0;
				GCC_PREPROCESSOR_DEFINITIONS = (
					"DEBUG=1",
					"$(inherited)",
				);
				GCC_WARN_64_TO_32_BIT_CONVERSION = YES;
				GCC_WARN_ABOUT_RETURN_TYPE = YES_ERROR;
				GCC_WARN_UNDECLARED_SELECTOR = YES;
				GCC_WARN_UNINITIALIZED_AUTOS = YES_AGGRESSIVE;
				GCC_WARN_UNUSED_FUNCTION = YES;
				GCC_WARN_UNUSED_VARIABLE = YES;
				IPHONEOS_DEPLOYMENT_TARGET = 10.3;
				MTL_ENABLE_DEBUG_INFO = YES;
				ONLY_ACTIVE_ARCH = YES;
				SDKROOT = iphoneos;
				SWIFT_ACTIVE_COMPILATION_CONDITIONS = DEBUG;
				SWIFT_OPTIMIZATION_LEVEL = "-Onone";
				TARGETED_DEVICE_FAMILY = "1,2";
			};
			name = Debug;
		};
		48B3CE462154274000F621D1 /* Release */ = {
			isa = XCBuildConfiguration;
			buildSettings = {
				ALWAYS_SEARCH_USER_PATHS = NO;
				CLANG_ANALYZER_NONNULL = YES;
				CLANG_ANALYZER_NUMBER_OBJECT_CONVERSION = YES_AGGRESSIVE;
				CLANG_CXX_LANGUAGE_STANDARD = "gnu++0x";
				CLANG_CXX_LIBRARY = "libc++";
				CLANG_ENABLE_MODULES = YES;
				CLANG_ENABLE_OBJC_ARC = YES;
				CLANG_WARN_BOOL_CONVERSION = YES;
				CLANG_WARN_CONSTANT_CONVERSION = YES;
				CLANG_WARN_DIRECT_OBJC_ISA_USAGE = YES_ERROR;
				CLANG_WARN_DOCUMENTATION_COMMENTS = YES;
				CLANG_WARN_EMPTY_BODY = YES;
				CLANG_WARN_ENUM_CONVERSION = YES;
				CLANG_WARN_INFINITE_RECURSION = YES;
				CLANG_WARN_INT_CONVERSION = YES;
				CLANG_WARN_OBJC_ROOT_CLASS = YES_ERROR;
				CLANG_WARN_SUSPICIOUS_MOVE = YES;
				CLANG_WARN_UNREACHABLE_CODE = YES;
				CLANG_WARN__DUPLICATE_METHOD_MATCH = YES;
				"CODE_SIGN_IDENTITY[sdk=iphoneos*]" = "iPhone Developer";
				COPY_PHASE_STRIP = NO;
				DEBUG_INFORMATION_FORMAT = "dwarf-with-dsym";
				ENABLE_NS_ASSERTIONS = NO;
				ENABLE_STRICT_OBJC_MSGSEND = YES;
				GCC_C_LANGUAGE_STANDARD = gnu99;
				GCC_NO_COMMON_BLOCKS = YES;
				GCC_WARN_64_TO_32_BIT_CONVERSION = YES;
				GCC_WARN_ABOUT_RETURN_TYPE = YES_ERROR;
				GCC_WARN_UNDECLARED_SELECTOR = YES;
				GCC_WARN_UNINITIALIZED_AUTOS = YES_AGGRESSIVE;
				GCC_WARN_UNUSED_FUNCTION = YES;
				GCC_WARN_UNUSED_VARIABLE = YES;
				IPHONEOS_DEPLOYMENT_TARGET = 10.3;
				MTL_ENABLE_DEBUG_INFO = NO;
				SDKROOT = iphoneos;
				SWIFT_OPTIMIZATION_LEVEL = "-Owholemodule";
				TARGETED_DEVICE_FAMILY = "1,2";
				VALIDATE_PRODUCT = YES;
			};
			name = Release;
		};
		48B3CE482154274000F621D1 /* Debug */ = {
			isa = XCBuildConfiguration;
			buildSettings = {
				ASSETCATALOG_COMPILER_APPICON_NAME = AppIcon;
				DEVELOPMENT_TEAM = P5V9R5BF5L;
				INFOPLIST_FILE = "Cat Years/Info.plist";
				LD_RUNPATH_SEARCH_PATHS = "$(inherited) @executable_path/Frameworks";
				PRODUCT_BUNDLE_IDENTIFIER = "Lobna.Cat-Years";
				PRODUCT_NAME = "$(TARGET_NAME)";
				SWIFT_VERSION = 3.0;
			};
			name = Debug;
		};
		48B3CE492154274000F621D1 /* Release */ = {
			isa = XCBuildConfiguration;
			buildSettings = {
				ASSETCATALOG_COMPILER_APPICON_NAME = AppIcon;
				DEVELOPMENT_TEAM = P5V9R5BF5L;
				INFOPLIST_FILE = "Cat Years/Info.plist";
				LD_RUNPATH_SEARCH_PATHS = "$(inherited) @executable_path/Frameworks";
				PRODUCT_BUNDLE_IDENTIFIER = "Lobna.Cat-Years";
				PRODUCT_NAME = "$(TARGET_NAME)";
				SWIFT_VERSION = 3.0;
			};
			name = Release;
		};
		48B3CE4B2154274000F621D1 /* Debug */ = {
			isa = XCBuildConfiguration;
			buildSettings = {
				ALWAYS_EMBED_SWIFT_STANDARD_LIBRARIES = YES;
				BUNDLE_LOADER = "$(TEST_HOST)";
				INFOPLIST_FILE = "Cat YearsTests/Info.plist";
				LD_RUNPATH_SEARCH_PATHS = "$(inherited) @executable_path/Frameworks @loader_path/Frameworks";
				PRODUCT_BUNDLE_IDENTIFIER = "Lobna.Cat-YearsTests";
				PRODUCT_NAME = "$(TARGET_NAME)";
				SWIFT_VERSION = 3.0;
				TEST_HOST = "$(BUILT_PRODUCTS_DIR)/Cat Years.app/Cat Years";
			};
			name = Debug;
		};
		48B3CE4C2154274000F621D1 /* Release */ = {
			isa = XCBuildConfiguration;
			buildSettings = {
				ALWAYS_EMBED_SWIFT_STANDARD_LIBRARIES = YES;
				BUNDLE_LOADER = "$(TEST_HOST)";
				INFOPLIST_FILE = "Cat YearsTests/Info.plist";
				LD_RUNPATH_SEARCH_PATHS = "$(inherited) @executable_path/Frameworks @loader_path/Frameworks";
				PRODUCT_BUNDLE_IDENTIFIER = "Lobna.Cat-YearsTests";
				PRODUCT_NAME = "$(TARGET_NAME)";
				SWIFT_VERSION = 3.0;
				TEST_HOST = "$(BUILT_PRODUCTS_DIR)/Cat Years.app/Cat Years";
			};
			name = Release;
		};
		48B3CE4E2154274000F621D1 /* Debug */ = {
			isa = XCBuildConfiguration;
			buildSettings = {
				ALWAYS_EMBED_SWIFT_STANDARD_LIBRARIES = YES;
				INFOPLIST_FILE = "Cat YearsUITests/Info.plist";
				LD_RUNPATH_SEARCH_PATHS = "$(inherited) @executable_path/Frameworks @loader_path/Frameworks";
				PRODUCT_BUNDLE_IDENTIFIER = "Lobna.Cat-YearsUITests";
				PRODUCT_NAME = "$(TARGET_NAME)";
				SWIFT_VERSION = 3.0;
				TEST_TARGET_NAME = "Cat Years";
			};
			name = Debug;
		};
		48B3CE4F2154274000F621D1 /* Release */ = {
			isa = XCBuildConfiguration;
			buildSettings = {
				ALWAYS_EMBED_SWIFT_STANDARD_LIBRARIES = YES;
				INFOPLIST_FILE = "Cat YearsUITests/Info.plist";
				LD_RUNPATH_SEARCH_PATHS = "$(inherited) @executable_path/Frameworks @loader_path/Frameworks";
				PRODUCT_BUNDLE_IDENTIFIER = "Lobna.Cat-YearsUITests";
				PRODUCT_NAME = "$(TARGET_NAME)";
				SWIFT_VERSION = 3.0;
				TEST_TARGET_NAME = "Cat Years";
			};
			name = Release;
		};
/* End XCBuildConfiguration section */

/* Begin XCConfigurationList section */
		48B3CE1A2154273F00F621D1 /* Build configuration list for PBXProject "Cat Years" */ = {
			isa = XCConfigurationList;
			buildConfigurations = (
				48B3CE452154274000F621D1 /* Debug */,
				48B3CE462154274000F621D1 /* Release */,
			);
			defaultConfigurationIsVisible = 0;
			defaultConfigurationName = Release;
		};
		48B3CE472154274000F621D1 /* Build configuration list for PBXNativeTarget "Cat Years" */ = {
			isa = XCConfigurationList;
			buildConfigurations = (
				48B3CE482154274000F621D1 /* Debug */,
				48B3CE492154274000F621D1 /* Release */,
			);
			defaultConfigurationIsVisible = 0;
			defaultConfigurationName = Release;
		};
		48B3CE4A2154274000F621D1 /* Build configuration list for PBXNativeTarget "Cat YearsTests" */ = {
			isa = XCConfigurationList;
			buildConfigurations = (
				48B3CE4B2154274000F621D1 /* Debug */,
				48B3CE4C2154274000F621D1 /* Release */,
			);
			defaultConfigurationIsVisible = 0;
			defaultConfigurationName = Release;
		};
		48B3CE4D2154274000F621D1 /* Build configuration list for PBXNativeTarget "Cat YearsUITests" */ = {
			isa = XCConfigurationList;
			buildConfigurations = (
				48B3CE4E2154274000F621D1 /* Debug */,
				48B3CE4F2154274000F621D1 /* Release */,
			);
			defaultConfigurationIsVisible = 0;
			defaultConfigurationName = Release;
		};
/* End XCConfigurationList section */
	};
	rootObject = 48B3CE172154273F00F621D1 /* Project object */;
}
